<?xml version="1.0" encoding="utf-8"?>
<Project ToolsVersion="4.0" xmlns="http://schemas.microsoft.com/developer/msbuild/2003">
  <ItemGroup>
    <Filter Include="ソース ファイル">
      <UniqueIdentifier>{4FC737F1-C7A5-4376-A066-2A32D752A2FF}</UniqueIdentifier>
      <Extensions>cpp;c;cc;cxx;c++;cppm;ixx;def;odl;idl;hpj;bat;asm;asmx</Extensions>
    </Filter>
    <Filter Include="ヘッダー ファイル">
      <UniqueIdentifier>{93995380-89BD-4b04-88EB-625FBE52EBFB}</UniqueIdentifier>
      <Extensions>h;hh;hpp;hxx;h++;hm;inl;inc;ipp;xsd</Extensions>
    </Filter>
    <Filter Include="リソース ファイル">
      <UniqueIdentifier>{67DA6AB6-F800-4c08-8B7A-83BB121AAD01}</UniqueIdentifier>
      <Extensions>rc;ico;cur;bmp;dlg;rc2;rct;bin;rgs;gif;jpg;jpeg;jpe;resx;tiff;tif;png;wav;mfcribbon-ms</Extensions>
    </Filter>
    <Filter Include="ソース ファイル\System">
      <UniqueIdentifier>{4e17ff4f-a004-4e4a-9470-879b9af60429}</UniqueIdentifier>
    </Filter>
    <Filter Include="ソース ファイル\App">
      <UniqueIdentifier>{2c3db676-bf36-4efc-a80a-29f79c26d16f}</UniqueIdentifier>
    </Filter>
    <Filter Include="ヘッダー ファイル\App">
      <UniqueIdentifier>{375453a1-ead7-471e-9fe9-85ec8b5e9c71}</UniqueIdentifier>
    </Filter>
    <Filter Include="リソース ファイル\PixelShader">
      <UniqueIdentifier>{a9755fd2-e8f8-4e2e-854e-68fcfb6a9b68}</UniqueIdentifier>
    </Filter>
    <Filter Include="リソース ファイル\VertexShader">
      <UniqueIdentifier>{e4c96e83-672c-4720-aa96-8ee0c9525558}</UniqueIdentifier>
    </Filter>
    <Filter Include="ソース ファイル\DirectX">
      <UniqueIdentifier>{4e65b264-f84d-4758-867f-457aeb6ce2e2}</UniqueIdentifier>
    </Filter>
    <Filter Include="ヘッダー ファイル\DirectX">
      <UniqueIdentifier>{76d7d9cf-96c4-4ff5-a5f6-7dfd24ef09cb}</UniqueIdentifier>
    </Filter>
    <Filter Include="ヘッダー ファイル\System">
      <UniqueIdentifier>{23598e8f-8b92-47d1-ac2c-8d127274e433}</UniqueIdentifier>
    </Filter>
    <Filter Include="ヘッダー ファイル\App\Scene">
      <UniqueIdentifier>{23d36a75-29b1-435f-a0f7-3718e6f8c461}</UniqueIdentifier>
    </Filter>
    <Filter Include="ソース ファイル\Imgui">
      <UniqueIdentifier>{2fa0c335-9567-431b-bc3c-f1ea5b5cc06c}</UniqueIdentifier>
    </Filter>
    <Filter Include="ヘッダー ファイル\Imgui">
      <UniqueIdentifier>{fe2f8b5b-cae4-4925-a950-b3840e14e096}</UniqueIdentifier>
    </Filter>
    <Filter Include="ソース ファイル\App\Scene">
      <UniqueIdentifier>{d8cc5312-56eb-40f0-81a3-771414f2f491}</UniqueIdentifier>
    </Filter>
    <Filter Include="ソース ファイル\App\Objects">
      <UniqueIdentifier>{e558261f-6d6a-4afb-9427-bae2f64302f1}</UniqueIdentifier>
    </Filter>
    <Filter Include="ソース ファイル\App\SceneManager">
      <UniqueIdentifier>{89a9ed1f-5767-40e1-ad7a-07f5f3b729f9}</UniqueIdentifier>
    </Filter>
    <Filter Include="ヘッダー ファイル\App\SceneManager">
      <UniqueIdentifier>{57fd547b-1bf4-480e-923d-a2330a53c0ff}</UniqueIdentifier>
    </Filter>
    <Filter Include="ヘッダー ファイル\App\Objects">
      <UniqueIdentifier>{7ad5fdcf-0b8a-42da-800e-e8fe15b1d7b9}</UniqueIdentifier>
    </Filter>
    <Filter Include="ソース ファイル\System\UI">
      <UniqueIdentifier>{c431df18-40d1-48c6-b4da-49d5130c3633}</UniqueIdentifier>
    </Filter>
    <Filter Include="ヘッダー ファイル\System\UI">
      <UniqueIdentifier>{d839fcf1-78ef-46a4-b16e-111b870f5778}</UniqueIdentifier>
    </Filter>
    <Filter Include="ソース ファイル\App\Objects\SettingScene">
      <UniqueIdentifier>{9235ac62-43d9-43be-b205-b8c467573b41}</UniqueIdentifier>
    </Filter>
    <Filter Include="ヘッダー ファイル\App\Objects\SettingScene">
      <UniqueIdentifier>{a0fde852-e39e-4909-909d-cf4634febee8}</UniqueIdentifier>
    </Filter>
  </ItemGroup>
  <ItemGroup>
    <ClCompile Include="Startup.cpp">
      <Filter>ソース ファイル</Filter>
    </ClCompile>
    <ClCompile Include="RenderTarget.cpp">
      <Filter>ソース ファイル\DirectX</Filter>
    </ClCompile>
    <ClCompile Include="Shader.cpp">
      <Filter>ソース ファイル\DirectX</Filter>
    </ClCompile>
    <ClCompile Include="Texture.cpp">
      <Filter>ソース ファイル\DirectX</Filter>
    </ClCompile>
    <ClCompile Include="TextureFactory.cpp">
      <Filter>ソース ファイル\DirectX</Filter>
    </ClCompile>
    <ClCompile Include="MeshBuffer.cpp">
      <Filter>ソース ファイル\DirectX</Filter>
    </ClCompile>
    <ClCompile Include="DirectX.cpp">
      <Filter>ソース ファイル\DirectX</Filter>
    </ClCompile>
    <ClCompile Include="ConstantBuffer.cpp">
      <Filter>ソース ファイル\DirectX</Filter>
    </ClCompile>
    <ClCompile Include="Geometory.cpp">
      <Filter>ソース ファイル\System</Filter>
    </ClCompile>
    <ClCompile Include="CameraBase.cpp">
      <Filter>ソース ファイル\System</Filter>
    </ClCompile>
    <ClCompile Include="Input.cpp">
      <Filter>ソース ファイル\System</Filter>
    </ClCompile>
    <ClCompile Include="SceneBase.cpp">
      <Filter>ソース ファイル\System</Filter>
    </ClCompile>
    <ClCompile Include="WinDialog.cpp">
      <Filter>ソース ファイル\System</Filter>
    </ClCompile>
    <ClCompile Include="StackTrace.cpp">
      <Filter>ソース ファイル\System</Filter>
    </ClCompile>
    <ClCompile Include="Argument.cpp">
      <Filter>ソース ファイル\System</Filter>
    </ClCompile>
    <ClCompile Include="Model.cpp">
      <Filter>ソース ファイル\System</Filter>
    </ClCompile>
    <ClCompile Include="DepthStencil.cpp">
      <Filter>ソース ファイル\DirectX</Filter>
    </ClCompile>
    <ClCompile Include="imGui\imgui.cpp">
      <Filter>ソース ファイル\Imgui</Filter>
    </ClCompile>
    <ClCompile Include="imGui\imgui_draw.cpp">
      <Filter>ソース ファイル\Imgui</Filter>
    </ClCompile>
    <ClCompile Include="imGui\imgui_impl_dx11.cpp">
      <Filter>ソース ファイル\Imgui</Filter>
    </ClCompile>
    <ClCompile Include="imGui\imgui_impl_win32.cpp">
      <Filter>ソース ファイル\Imgui</Filter>
    </ClCompile>
    <ClCompile Include="imGui\imgui_tables.cpp">
      <Filter>ソース ファイル\Imgui</Filter>
    </ClCompile>
    <ClCompile Include="imGui\imgui_widgets.cpp">
      <Filter>ソース ファイル\Imgui</Filter>
    </ClCompile>
    <ClCompile Include="CameraDCC.cpp">
      <Filter>ソース ファイル\App\Scene</Filter>
    </ClCompile>
    <ClCompile Include="Main.cpp">
      <Filter>ソース ファイル\App\Scene</Filter>
    </ClCompile>
    <ClCompile Include="SceneBaseShader.cpp">
      <Filter>ソース ファイル\App\Scene</Filter>
    </ClCompile>
    <ClCompile Include="SceneBump.cpp">
      <Filter>ソース ファイル\App\Scene</Filter>
    </ClCompile>
    <ClCompile Include="SceneDeffered.cpp">
      <Filter>ソース ファイル\App\Scene</Filter>
    </ClCompile>
    <ClCompile Include="SceneShading.cpp">
      <Filter>ソース ファイル\App\Scene</Filter>
    </ClCompile>
    <ClCompile Include="SceneShadow.cpp">
      <Filter>ソース ファイル\App\Scene</Filter>
    </ClCompile>
    <ClCompile Include="SceneToon.cpp">
      <Filter>ソース ファイル\App\Scene</Filter>
    </ClCompile>
    <ClCompile Include="SceneView.cpp">
      <Filter>ソース ファイル\App\Scene</Filter>
    </ClCompile>
    <ClCompile Include="ShaderList.cpp">
      <Filter>ソース ファイル\App\Scene</Filter>
    </ClCompile>
    <ClCompile Include="BackGround.cpp">
      <Filter>ソース ファイル\App\SceneManager</Filter>
    </ClCompile>
    <ClCompile Include="CRock.cpp">
      <Filter>ソース ファイル\App\Objects</Filter>
    </ClCompile>
    <ClCompile Include="Mountain.cpp">
      <Filter>ソース ファイル\App\Objects</Filter>
    </ClCompile>
    <ClCompile Include="SkyDome.cpp">
      <Filter>ソース ファイル\App\Objects</Filter>
    </ClCompile>
    <ClCompile Include="CLanthanum.cpp">
      <Filter>ソース ファイル\App\Objects</Filter>
    </ClCompile>
    <ClCompile Include="bonfire.cpp">
      <Filter>ソース ファイル\App\Objects</Filter>
    </ClCompile>
    <ClCompile Include="fire.cpp">
      <Filter>ソース ファイル\App\Objects</Filter>
    </ClCompile>
    <ClCompile Include="tent.cpp">
      <Filter>ソース ファイル\App\Objects</Filter>
    </ClCompile>
    <ClCompile Include="meat.cpp">
      <Filter>ソース ファイル\App\Objects</Filter>
    </ClCompile>
    <ClCompile Include="CameraDepth.cpp">
      <Filter>ソース ファイル\App\Scene</Filter>
    </ClCompile>
    <ClCompile Include="GaussianBlur.cpp">
      <Filter>ソース ファイル\System</Filter>
    </ClCompile>
    <ClCompile Include="Sound.cpp">
      <Filter>ソース ファイル\System</Filter>
    </ClCompile>
    <ClCompile Include="Chair.cpp">
      <Filter>ソース ファイル\App\Objects</Filter>
    </ClCompile>
    <ClCompile Include="Player.cpp">
      <Filter>ソース ファイル\App\Objects</Filter>
    </ClCompile>
    <ClCompile Include="PointLight.cpp">
      <Filter>ソース ファイル\App\Objects</Filter>
    </ClCompile>
    <ClCompile Include="tree.cpp">
      <Filter>ソース ファイル\App\Objects</Filter>
    </ClCompile>
    <ClCompile Include="SceneTitle.cpp">
      <Filter>ソース ファイル\App\Scene</Filter>
    </ClCompile>
    <ClCompile Include="SceneSelect.cpp">
      <Filter>ソース ファイル\App\Scene</Filter>
    </ClCompile>
    <ClCompile Include="flower.cpp">
      <Filter>ソース ファイル\App\Objects</Filter>
    </ClCompile>
    <ClCompile Include="Shop.cpp">
      <Filter>ソース ファイル\App\Objects</Filter>
    </ClCompile>
    <ClCompile Include="SceneShop.cpp">
      <Filter>ソース ファイル\App\Scene</Filter>
    </ClCompile>
    <ClCompile Include="Food.cpp">
      <Filter>ソース ファイル\App\Objects</Filter>
    </ClCompile>
    <ClCompile Include="CBlendState.cpp">
      <Filter>ソース ファイル\System\UI</Filter>
    </ClCompile>
    <ClCompile Include="UIObj.cpp">
      <Filter>ソース ファイル\System\UI</Filter>
    </ClCompile>
    <ClCompile Include="UIList.cpp">
      <Filter>ソース ファイル\System\UI</Filter>
    </ClCompile>
    <ClCompile Include="Timer.cpp">
      <Filter>ソース ファイル\System</Filter>
    </ClCompile>
    <ClCompile Include="DoOnce.cpp">
      <Filter>ソース ファイル\System</Filter>
    </ClCompile>
    <ClCompile Include="SceneFade.cpp">
      <Filter>ソース ファイル\System</Filter>
    </ClCompile>
    <ClCompile Include="Light.cpp">
      <Filter>ソース ファイル\System</Filter>
    </ClCompile>
    <ClCompile Include="MeatSettingObj.cpp">
      <Filter>ソース ファイル\App\Objects\SettingScene</Filter>
    </ClCompile>
    <ClCompile Include="SettingSceneLight.cpp">
      <Filter>ソース ファイル\App\Objects\SettingScene</Filter>
    </ClCompile>
  </ItemGroup>
  <ItemGroup>
    <ClInclude Include="Defines.h">
      <Filter>ヘッダー ファイル</Filter>
    </ClInclude>
    <ClInclude Include="Texture.h">
      <Filter>ヘッダー ファイル\DirectX</Filter>
    </ClInclude>
    <ClInclude Include="Shader.h">
      <Filter>ヘッダー ファイル\DirectX</Filter>
    </ClInclude>
    <ClInclude Include="MeshBuffer.h">
      <Filter>ヘッダー ファイル\DirectX</Filter>
    </ClInclude>
    <ClInclude Include="TextureFactory.h">
      <Filter>ヘッダー ファイル\DirectX</Filter>
    </ClInclude>
    <ClInclude Include="Main.h">
      <Filter>ヘッダー ファイル\App</Filter>
    </ClInclude>
    <ClInclude Include="DirectX.h">
      <Filter>ヘッダー ファイル\DirectX</Filter>
    </ClInclude>
    <ClInclude Include="RenderTarget.h">
      <Filter>ヘッダー ファイル\DirectX</Filter>
    </ClInclude>
    <ClInclude Include="ConstantBuffer.h">
      <Filter>ヘッダー ファイル\DirectX</Filter>
    </ClInclude>
    <ClInclude Include="CameraDCC.h">
      <Filter>ヘッダー ファイル\App</Filter>
    </ClInclude>
    <ClInclude Include="Geometory.h">
      <Filter>ヘッダー ファイル\System</Filter>
    </ClInclude>
    <ClInclude Include="CameraBase.h">
      <Filter>ヘッダー ファイル\System</Filter>
    </ClInclude>
    <ClInclude Include="Input.h">
      <Filter>ヘッダー ファイル\System</Filter>
    </ClInclude>
    <ClInclude Include="SceneBase.hpp">
      <Filter>ヘッダー ファイル\System</Filter>
    </ClInclude>
    <ClInclude Include="WinDialog.h">
      <Filter>ヘッダー ファイル\System</Filter>
    </ClInclude>
    <ClInclude Include="StackTrace.h">
      <Filter>ヘッダー ファイル\System</Filter>
    </ClInclude>
    <ClInclude Include="Argument.h">
      <Filter>ヘッダー ファイル\System</Filter>
    </ClInclude>
    <ClInclude Include="Model.h">
      <Filter>ヘッダー ファイル\System</Filter>
    </ClInclude>
    <ClInclude Include="ShaderList.h">
      <Filter>ヘッダー ファイル\App</Filter>
    </ClInclude>
    <ClInclude Include="DepthStencil.h">
      <Filter>ヘッダー ファイル\DirectX</Filter>
    </ClInclude>
    <ClInclude Include="SceneBump.h">
      <Filter>ヘッダー ファイル\App\Scene</Filter>
    </ClInclude>
    <ClInclude Include="SceneDeffered.h">
      <Filter>ヘッダー ファイル\App\Scene</Filter>
    </ClInclude>
    <ClInclude Include="SceneShading.h">
      <Filter>ヘッダー ファイル\App\Scene</Filter>
    </ClInclude>
    <ClInclude Include="SceneShadow.h">
      <Filter>ヘッダー ファイル\App\Scene</Filter>
    </ClInclude>
    <ClInclude Include="SceneToon.h">
      <Filter>ヘッダー ファイル\App\Scene</Filter>
    </ClInclude>
    <ClInclude Include="SceneView.h">
      <Filter>ヘッダー ファイル\App\Scene</Filter>
    </ClInclude>
    <ClInclude Include="imGui\imconfig.h">
      <Filter>ヘッダー ファイル\Imgui</Filter>
    </ClInclude>
    <ClInclude Include="imGui\imgui.h">
      <Filter>ヘッダー ファイル\Imgui</Filter>
    </ClInclude>
    <ClInclude Include="imGui\imgui_impl_dx11.h">
      <Filter>ヘッダー ファイル\Imgui</Filter>
    </ClInclude>
    <ClInclude Include="imGui\imgui_impl_win32.h">
      <Filter>ヘッダー ファイル\Imgui</Filter>
    </ClInclude>
    <ClInclude Include="imGui\imgui_internal.h">
      <Filter>ヘッダー ファイル\Imgui</Filter>
    </ClInclude>
    <ClInclude Include="imGui\imstb_rectpack.h">
      <Filter>ヘッダー ファイル\Imgui</Filter>
    </ClInclude>
    <ClInclude Include="imGui\imstb_textedit.h">
      <Filter>ヘッダー ファイル\Imgui</Filter>
    </ClInclude>
    <ClInclude Include="imGui\imstb_truetype.h">
      <Filter>ヘッダー ファイル\Imgui</Filter>
    </ClInclude>
    <ClInclude Include="SceneBaseShader.h">
      <Filter>ヘッダー ファイル\App\Scene</Filter>
    </ClInclude>
    <ClInclude Include="BackGround.h">
      <Filter>ヘッダー ファイル\App\SceneManager</Filter>
    </ClInclude>
    <ClInclude Include="CRock.h">
      <Filter>ヘッダー ファイル\App\Objects</Filter>
    </ClInclude>
    <ClInclude Include="Mountain.h">
      <Filter>ヘッダー ファイル\App\Objects</Filter>
    </ClInclude>
    <ClInclude Include="ObjectsList.h">
      <Filter>ヘッダー ファイル\App\Objects</Filter>
    </ClInclude>
    <ClInclude Include="SkyDome.h">
      <Filter>ヘッダー ファイル\App\Objects</Filter>
    </ClInclude>
    <ClInclude Include="CLanthanum.h">
      <Filter>ヘッダー ファイル\App\Objects</Filter>
    </ClInclude>
    <ClInclude Include="bonfire.h">
      <Filter>ヘッダー ファイル\App\Objects</Filter>
    </ClInclude>
    <ClInclude Include="fire.h">
      <Filter>ヘッダー ファイル\App\Objects</Filter>
    </ClInclude>
    <ClInclude Include="tent.h">
      <Filter>ヘッダー ファイル\App\Objects</Filter>
    </ClInclude>
    <ClInclude Include="meat.h">
      <Filter>ヘッダー ファイル\App\Objects</Filter>
    </ClInclude>
    <ClInclude Include="CameraDepth.h">
      <Filter>ヘッダー ファイル\App\Scene</Filter>
    </ClInclude>
    <ClInclude Include="GaussianBlur.h">
      <Filter>ヘッダー ファイル\System</Filter>
    </ClInclude>
    <ClInclude Include="Sound.h">
      <Filter>ヘッダー ファイル\System</Filter>
    </ClInclude>
    <ClInclude Include="SoundData.h">
      <Filter>ヘッダー ファイル\System</Filter>
    </ClInclude>
    <ClInclude Include="SoundData.hpp">
      <Filter>ヘッダー ファイル\System</Filter>
    </ClInclude>
    <ClInclude Include="Chair.h">
      <Filter>ヘッダー ファイル\App\Objects</Filter>
    </ClInclude>
    <ClInclude Include="Player.h">
      <Filter>ヘッダー ファイル\App\Objects</Filter>
    </ClInclude>
    <ClInclude Include="PointLight.h">
      <Filter>ヘッダー ファイル\App\Objects</Filter>
    </ClInclude>
    <ClInclude Include="tree.h">
      <Filter>ヘッダー ファイル\App\Objects</Filter>
    </ClInclude>
    <ClInclude Include="SceneTitle.h">
      <Filter>ヘッダー ファイル</Filter>
    </ClInclude>
    <ClInclude Include="SceneSelect.h">
      <Filter>ヘッダー ファイル\App\Scene</Filter>
    </ClInclude>
    <ClInclude Include="flower.h">
      <Filter>ヘッダー ファイル\App\Objects</Filter>
    </ClInclude>
    <ClInclude Include="Shop.h">
      <Filter>ヘッダー ファイル\App\Objects</Filter>
    </ClInclude>
    <ClInclude Include="Food.h">
      <Filter>ヘッダー ファイル\App\Objects</Filter>
    </ClInclude>
    <ClInclude Include="CBlendState.h">
      <Filter>ヘッダー ファイル\System\UI</Filter>
    </ClInclude>
    <ClInclude Include="UIObj.h">
      <Filter>ヘッダー ファイル\System\UI</Filter>
    </ClInclude>
    <ClInclude Include="UIList.h">
      <Filter>ヘッダー ファイル\System\UI</Filter>
    </ClInclude>
    <ClInclude Include="Timer.h">
      <Filter>ヘッダー ファイル\System</Filter>
    </ClInclude>
    <ClInclude Include="DoOnce.h">
      <Filter>ヘッダー ファイル\System</Filter>
    </ClInclude>
    <ClInclude Include="SceneFade.h">
      <Filter>ヘッダー ファイル\System</Filter>
    </ClInclude>
    <ClInclude Include="Light.h">
      <Filter>ヘッダー ファイル\System</Filter>
    </ClInclude>
    <ClInclude Include="MeatSettingObj.h">
      <Filter>ヘッダー ファイル\App\Objects\SettingScene</Filter>
    </ClInclude>
    <ClInclude Include="SettingObjectsList.h">
      <Filter>ヘッダー ファイル\App\Objects\SettingScene</Filter>
    </ClInclude>
    <ClInclude Include="SceneObject.h">
      <Filter>ヘッダー ファイル\App\Objects</Filter>
    </ClInclude>
    <ClInclude Include="SettingSceneLight.h">
      <Filter>ヘッダー ファイル\App\Objects\SettingScene</Filter>
    </ClInclude>
  </ItemGroup>
  <ItemGroup>
    <FxCompile Include="ObjectVS.hlsl">
      <Filter>リソース ファイル\VertexShader</Filter>
    </FxCompile>
    <FxCompile Include="LambertPS.hlsl">
      <Filter>リソース ファイル\PixelShader</Filter>
    </FxCompile>
    <FxCompile Include="PhongPS.hlsl">
      <Filter>リソース ファイル\PixelShader</Filter>
    </FxCompile>
    <FxCompile Include="LimlightPS.hlsl">
      <Filter>リソース ファイル\PixelShader</Filter>
    </FxCompile>
    <FxCompile Include="Dissolve.hlsl">
      <Filter>リソース ファイル\PixelShader</Filter>
    </FxCompile>
    <FxCompile Include="FogPS.hlsl">
      <Filter>リソース ファイル\PixelShader</Filter>
    </FxCompile>
    <FxCompile Include="BumpmapPS.hlsl">
      <Filter>リソース ファイル\PixelShader</Filter>
    </FxCompile>
    <FxCompile Include="BumpVS.hlsl">
      <Filter>リソース ファイル\VertexShader</Filter>
    </FxCompile>
    <FxCompile Include="ToonPS.hlsl">
      <Filter>リソース ファイル\PixelShader</Filter>
    </FxCompile>
    <FxCompile Include="OutlineVS.hlsl">
      <Filter>リソース ファイル\VertexShader</Filter>
    </FxCompile>
    <FxCompile Include="MudVS.hlsl">
      <Filter>リソース ファイル\VertexShader</Filter>
    </FxCompile>
    <FxCompile Include="MudPS.hlsl">
      <Filter>リソース ファイル\PixelShader</Filter>
    </FxCompile>
    <FxCompile Include="SeaPS.hlsl">
      <Filter>リソース ファイル\PixelShader</Filter>
    </FxCompile>
    <FxCompile Include="SeaVS.hlsl">
      <Filter>リソース ファイル\VertexShader</Filter>
    </FxCompile>
    <FxCompile Include="ConcretePS.hlsl">
      <Filter>リソース ファイル\PixelShader</Filter>
    </FxCompile>
    <FxCompile Include="ConcreteVS.hlsl">
      <Filter>リソース ファイル\VertexShader</Filter>
    </FxCompile>
    <FxCompile Include="ObjectPS.hlsl">
      <Filter>リソース ファイル\PixelShader</Filter>
    </FxCompile>
    <FxCompile Include="UIPS.hlsl">
      <Filter>リソース ファイル\PixelShader</Filter>
    </FxCompile>
    <FxCompile Include="UIVS.hlsl">
      <Filter>リソース ファイル\VertexShader</Filter>
    </FxCompile>
    <FxCompile Include="SkyDomePS.hlsl">
      <Filter>リソース ファイル\PixelShader</Filter>
    </FxCompile>
    <FxCompile Include="MountainPS.hlsl">
      <Filter>リソース ファイル\PixelShader</Filter>
    </FxCompile>
    <FxCompile Include="RockPS.hlsl">
      <Filter>リソース ファイル\PixelShader</Filter>
    </FxCompile>
    <FxCompile Include="FirePS.hlsl">
      <Filter>リソース ファイル\PixelShader</Filter>
    </FxCompile>
    <FxCompile Include="TentPS.hlsl">
      <Filter>リソース ファイル\PixelShader</Filter>
    </FxCompile>
    <FxCompile Include="MeatPS.hlsl">
      <Filter>リソース ファイル\PixelShader</Filter>
    </FxCompile>
    <FxCompile Include="ScreenPS.hlsl">
      <Filter>リソース ファイル\PixelShader</Filter>
    </FxCompile>
    <FxCompile Include="DepthScreenPS.hlsl">
      <Filter>リソース ファイル\PixelShader</Filter>
    </FxCompile>
    <FxCompile Include="DepthScreenVS.hlsl">
      <Filter>リソース ファイル\VertexShader</Filter>
    </FxCompile>
    <FxCompile Include="PointLightPS.hlsl">
      <Filter>リソース ファイル\PixelShader</Filter>
    </FxCompile>
    <FxCompile Include="PlayerPS.hlsl">
      <Filter>リソース ファイル\PixelShader</Filter>
    </FxCompile>
    <FxCompile Include="2DPS.hlsl">
      <Filter>リソース ファイル\PixelShader</Filter>
    </FxCompile>
    <FxCompile Include="2DVS.hlsl">
      <Filter>リソース ファイル\VertexShader</Filter>
    </FxCompile>
    <FxCompile Include="flowerPS.hlsl">
      <Filter>リソース ファイル\PixelShader</Filter>
    </FxCompile>
  </ItemGroup>
  <ItemGroup>
    <Text Include="Geometory_02.txt">
      <Filter>リソース ファイル</Filter>
    </Text>
  </ItemGroup>
</Project>